
Microsoft Visual Studio Solution File, Format Version 12.00
# Visual Studio Version 17
VisualStudioVersion = 17.4.33122.133
MinimumVisualStudioVersion = 10.0.40219.1
Project("{9A19103F-16F7-4668-BE54-9A1E7A4F7556}") = "Tetris", "Tetris.csproj", "{14111B89-1624-4465-AD46-CAE6F0C634E7}"
EndProject
Project("{54435603-DBB4-11D2-8724-00A0C9A8B90C}") = "Setup1", "..\Setup1\Setup1.vdproj", "{21D32882-54E3-40BE-9621-7C86937A27B2}"
EndProject
Global
	GlobalSection(SolutionConfigurationPlatforms) = preSolution
		Debug|Any CPU = Debug|Any CPU
		Release|Any CPU = Release|Any CPU
	EndGlobalSection
	GlobalSection(ProjectConfigurationPlatforms) = postSolution
		{14111B89-1624-4465-AD46-CAE6F0C634E7}.Debug|Any CPU.ActiveCfg = Debug|Any CPU
		{14111B89-1624-4465-AD46-CAE6F0C634E7}.Debug|Any CPU.Build.0 = Debug|Any CPU
		{14111B89-1624-4465-AD46-CAE6F0C634E7}.Release|Any CPU.ActiveCfg = Release|Any CPU
		{14111B89-1624-4465-AD46-CAE6F0C634E7}.Release|Any CPU.Build.0 = Release|Any CPU
		{21D32882-54E3-40BE-9621-7C86937A27B2}.Debug|Any CPU.ActiveCfg = Debug
		{21D32882-54E3-40BE-9621-7C86937A27B2}.Release|Any CPU.ActiveCfg = Release
	EndGlobalSection
	GlobalSection(SolutionProperties) = preSolution
		HideSolutionNode = FALSE
	EndGlobalSection
	GlobalSection(ExtensibilityGlobals) = postSolution
		SolutionGuid = {1AD9DB99-89F6-47BC-B84C-69879BE118F2}
	EndGlobalSection
EndGlobal
